
Microsoft Visual Studio Solution File, Format Version 12.00
# Visual Studio Version 17
VisualStudioVersion = 17.8.34525.116
MinimumVisualStudioVersion = 10.0.40219.1
Project("{FAE04EC0-301F-11D3-BF4B-00C04F79EFBC}") = "Ivanti_PS_Profile_MigrationGUI", "Ivanti_PS_Profile_MigrationGUI.csproj", "{0970FCFD-28B2-4B04-AF57-3901A466925B}"
EndProject
Global
	GlobalSection(SolutionConfigurationPlatforms) = preSolution
		Debug|Any CPU = Debug|Any CPU
		Release|Any CPU = Release|Any CPU
	EndGlobalSection
	GlobalSection(ProjectConfigurationPlatforms) = postSolution
		{0970FCFD-28B2-4B04-AF57-3901A466925B}.Debug|Any CPU.ActiveCfg = Debug|Any CPU
		{0970FCFD-28B2-4B04-AF57-3901A466925B}.Debug|Any CPU.Build.0 = Debug|Any CPU
		{0970FCFD-28B2-4B04-AF57-3901A466925B}.Release|Any CPU.ActiveCfg = Release|Any CPU
		{0970FCFD-28B2-4B04-AF57-3901A466925B}.Release|Any CPU.Build.0 = Release|Any CPU
	EndGlobalSection
	GlobalSection(SolutionProperties) = preSolution
		HideSolutionNode = FALSE
	EndGlobalSection
	GlobalSection(ExtensibilityGlobals) = postSolution
		SolutionGuid = {8D2747ED-7AAD-493F-B359-E4F00AC9BE11}
	EndGlobalSection
EndGlobal
